lockfileVersion: 5.4

importers:

  ../.cache/pnpm/v3/tmp/dlx-6180:
    specifiers:
      create-vite: ^4.2.0
    dependencies:
      create-vite: 4.2.0

packages:

  /create-vite/4.2.0:
    resolution: {integrity: sha512-nQ/24h33RFu+SRzYAcxVnkE/+SZsQTaaN5uTrnigetFUQkDy3n8Gf2m8lqgMprR/LBq8C7zEhYNdKQiulmdcNg==}
    engines: {node: ^14.18.0 || >=16.0.0}
    hasBin: true
    dev: false
